
Microsoft Visual Studio Solution File, Format Version 12.00
# Visual Studio Version 17
VisualStudioVersion = 17.9.34728.123
MinimumVisualStudioVersion = 10.0.40219.1
Project("{FAE04EC0-301F-11D3-BF4B-00C04F79EFBC}") = "Tonttutrack.DataAccess", "src\Tonttutrack.DataAccess\Tonttutrack.DataAccess.csproj", "{369BD942-B84B-424B-8F4D-CAA1DC34774B}"
EndProject
Project("{FAE04EC0-301F-11D3-BF4B-00C04F79EFBC}") = "Tonttutrack.Web", "src\Tonttutrack.Web\Tonttutrack.Web.csproj", "{5AE77C01-38E0-4082-9BD4-AC180C827537}"
EndProject
Project("{FAE04EC0-301F-11D3-BF4B-00C04F79EFBC}") = "Tonttutrack.Service", "src\Tonttutrack.Service\Tonttutrack.Service.csproj", "{685C7B04-1999-4CA1-BD3A-31B05C28C829}"
EndProject
Global
	GlobalSection(SolutionConfigurationPlatforms) = preSolution
		Debug|Any CPU = Debug|Any CPU
		Release|Any CPU = Release|Any CPU
	EndGlobalSection
	GlobalSection(ProjectConfigurationPlatforms) = postSolution
		{369BD942-B84B-424B-8F4D-CAA1DC34774B}.Debug|Any CPU.ActiveCfg = Debug|Any CPU
		{369BD942-B84B-424B-8F4D-CAA1DC34774B}.Debug|Any CPU.Build.0 = Debug|Any CPU
		{369BD942-B84B-424B-8F4D-CAA1DC34774B}.Release|Any CPU.ActiveCfg = Release|Any CPU
		{369BD942-B84B-424B-8F4D-CAA1DC34774B}.Release|Any CPU.Build.0 = Release|Any CPU
		{5AE77C01-38E0-4082-9BD4-AC180C827537}.Debug|Any CPU.ActiveCfg = Debug|Any CPU
		{5AE77C01-38E0-4082-9BD4-AC180C827537}.Debug|Any CPU.Build.0 = Debug|Any CPU
		{5AE77C01-38E0-4082-9BD4-AC180C827537}.Release|Any CPU.ActiveCfg = Release|Any CPU
		{5AE77C01-38E0-4082-9BD4-AC180C827537}.Release|Any CPU.Build.0 = Release|Any CPU
		{685C7B04-1999-4CA1-BD3A-31B05C28C829}.Debug|Any CPU.ActiveCfg = Debug|Any CPU
		{685C7B04-1999-4CA1-BD3A-31B05C28C829}.Debug|Any CPU.Build.0 = Debug|Any CPU
		{685C7B04-1999-4CA1-BD3A-31B05C28C829}.Release|Any CPU.ActiveCfg = Release|Any CPU
		{685C7B04-1999-4CA1-BD3A-31B05C28C829}.Release|Any CPU.Build.0 = Release|Any CPU
	EndGlobalSection
	GlobalSection(SolutionProperties) = preSolution
		HideSolutionNode = FALSE
	EndGlobalSection
	GlobalSection(ExtensibilityGlobals) = postSolution
		SolutionGuid = {870668C7-5A14-4B3B-9FEB-6BF9389E73FD}
	EndGlobalSection
EndGlobal
